
Microsoft Visual Studio Solution File, Format Version 11.00
# Visual Studio 2010
Project("{FAE04EC0-301F-11D3-BF4B-00C04F79EFBC}") = "Crittercism.iOS", "CrittercismSDK\Crittercism.iOS.csproj", "{E088DEA3-D3CE-4FA4-AFE8-A93BC7AF97E3}"
EndProject
Global
	GlobalSection(SolutionConfigurationPlatforms) = preSolution
		Debug|Any CPU = Debug|Any CPU
		Release|Any CPU = Release|Any CPU
	EndGlobalSection
	GlobalSection(ProjectConfigurationPlatforms) = postSolution
		{E088DEA3-D3CE-4FA4-AFE8-A93BC7AF97E3}.Debug|Any CPU.ActiveCfg = Debug|Any CPU
		{E088DEA3-D3CE-4FA4-AFE8-A93BC7AF97E3}.Debug|Any CPU.Build.0 = Debug|Any CPU
		{E088DEA3-D3CE-4FA4-AFE8-A93BC7AF97E3}.Release|Any CPU.ActiveCfg = Release|Any CPU
		{E088DEA3-D3CE-4FA4-AFE8-A93BC7AF97E3}.Release|Any CPU.Build.0 = Release|Any CPU
	EndGlobalSection
	GlobalSection(MonoDevelopProperties) = preSolution
		StartupItem = CrittercismSDK\Crittercism.iOS.csproj
	EndGlobalSection
EndGlobal
