
Microsoft Visual Studio Solution File, Format Version 11.00
# Visual Studio 2010
Project("{FAE04EC0-301F-11D3-BF4B-00C04F79EFBC}") = "DataSamples.WinPhone", "DataSamples.WinPhone.csproj", "{131D55C7-D279-404F-9438-5A71F81A16DC}"
EndProject
Project("{FAE04EC0-301F-11D3-BF4B-00C04F79EFBC}") = "DataSamples.Core", "..\DataSamples.Core\DataSamples.Core.csproj", "{60993AA9-6C28-49EC-BB38-3CE5DC3F3510}"
EndProject
Global
	GlobalSection(SolutionConfigurationPlatforms) = preSolution
		Debug|Any CPU = Debug|Any CPU
		Debug|ARM = Debug|ARM
		Debug|x86 = Debug|x86
		Debug2|Any CPU = Debug2|Any CPU
		Debug2|ARM = Debug2|ARM
		Debug2|x86 = Debug2|x86
		Release|Any CPU = Release|Any CPU
		Release|ARM = Release|ARM
		Release|x86 = Release|x86
	EndGlobalSection
	GlobalSection(ProjectConfigurationPlatforms) = postSolution
		{131D55C7-D279-404F-9438-5A71F81A16DC}.Debug|Any CPU.ActiveCfg = Debug|Any CPU
		{131D55C7-D279-404F-9438-5A71F81A16DC}.Debug|Any CPU.Build.0 = Debug|Any CPU
		{131D55C7-D279-404F-9438-5A71F81A16DC}.Debug|Any CPU.Deploy.0 = Debug|Any CPU
		{131D55C7-D279-404F-9438-5A71F81A16DC}.Debug|ARM.ActiveCfg = Debug|ARM
		{131D55C7-D279-404F-9438-5A71F81A16DC}.Debug|ARM.Build.0 = Debug|ARM
		{131D55C7-D279-404F-9438-5A71F81A16DC}.Debug|ARM.Deploy.0 = Debug|ARM
		{131D55C7-D279-404F-9438-5A71F81A16DC}.Debug|x86.ActiveCfg = Debug|x86
		{131D55C7-D279-404F-9438-5A71F81A16DC}.Debug|x86.Build.0 = Debug|x86
		{131D55C7-D279-404F-9438-5A71F81A16DC}.Debug|x86.Deploy.0 = Debug|x86
		{131D55C7-D279-404F-9438-5A71F81A16DC}.Debug2|Any CPU.ActiveCfg = Debug|Any CPU
		{131D55C7-D279-404F-9438-5A71F81A16DC}.Debug2|Any CPU.Build.0 = Debug|Any CPU
		{131D55C7-D279-404F-9438-5A71F81A16DC}.Debug2|Any CPU.Deploy.0 = Debug|Any CPU
		{131D55C7-D279-404F-9438-5A71F81A16DC}.Debug2|ARM.ActiveCfg = Debug|ARM
		{131D55C7-D279-404F-9438-5A71F81A16DC}.Debug2|ARM.Build.0 = Debug|ARM
		{131D55C7-D279-404F-9438-5A71F81A16DC}.Debug2|ARM.Deploy.0 = Debug|ARM
		{131D55C7-D279-404F-9438-5A71F81A16DC}.Debug2|x86.ActiveCfg = Debug|x86
		{131D55C7-D279-404F-9438-5A71F81A16DC}.Debug2|x86.Build.0 = Debug|x86
		{131D55C7-D279-404F-9438-5A71F81A16DC}.Debug2|x86.Deploy.0 = Debug|x86
		{131D55C7-D279-404F-9438-5A71F81A16DC}.Release|Any CPU.ActiveCfg = Release|Any CPU
		{131D55C7-D279-404F-9438-5A71F81A16DC}.Release|Any CPU.Build.0 = Release|Any CPU
		{131D55C7-D279-404F-9438-5A71F81A16DC}.Release|Any CPU.Deploy.0 = Release|Any CPU
		{131D55C7-D279-404F-9438-5A71F81A16DC}.Release|ARM.ActiveCfg = Release|ARM
		{131D55C7-D279-404F-9438-5A71F81A16DC}.Release|ARM.Build.0 = Release|ARM
		{131D55C7-D279-404F-9438-5A71F81A16DC}.Release|ARM.Deploy.0 = Release|ARM
		{131D55C7-D279-404F-9438-5A71F81A16DC}.Release|x86.ActiveCfg = Release|x86
		{131D55C7-D279-404F-9438-5A71F81A16DC}.Release|x86.Build.0 = Release|x86
		{131D55C7-D279-404F-9438-5A71F81A16DC}.Release|x86.Deploy.0 = Release|x86
		{60993AA9-6C28-49EC-BB38-3CE5DC3F3510}.Debug|Any CPU.ActiveCfg = Debug|Any CPU
		{60993AA9-6C28-49EC-BB38-3CE5DC3F3510}.Debug|Any CPU.Build.0 = Debug|Any CPU
		{60993AA9-6C28-49EC-BB38-3CE5DC3F3510}.Debug|ARM.ActiveCfg = Debug|Any CPU
		{60993AA9-6C28-49EC-BB38-3CE5DC3F3510}.Debug|x86.ActiveCfg = Debug|Any CPU
		{60993AA9-6C28-49EC-BB38-3CE5DC3F3510}.Debug2|Any CPU.ActiveCfg = Debug2|Any CPU
		{60993AA9-6C28-49EC-BB38-3CE5DC3F3510}.Debug2|Any CPU.Build.0 = Debug2|Any CPU
		{60993AA9-6C28-49EC-BB38-3CE5DC3F3510}.Debug2|ARM.ActiveCfg = Debug2|Any CPU
		{60993AA9-6C28-49EC-BB38-3CE5DC3F3510}.Debug2|x86.ActiveCfg = Debug2|Any CPU
		{60993AA9-6C28-49EC-BB38-3CE5DC3F3510}.Release|Any CPU.ActiveCfg = Release|Any CPU
		{60993AA9-6C28-49EC-BB38-3CE5DC3F3510}.Release|Any CPU.Build.0 = Release|Any CPU
		{60993AA9-6C28-49EC-BB38-3CE5DC3F3510}.Release|ARM.ActiveCfg = Release|Any CPU
		{60993AA9-6C28-49EC-BB38-3CE5DC3F3510}.Release|x86.ActiveCfg = Release|Any CPU
	EndGlobalSection
	GlobalSection(SolutionProperties) = preSolution
		HideSolutionNode = FALSE
	EndGlobalSection
EndGlobal
